// !$*UTF8*$!
{
	archiveVersion = 1;
	classes = {
	};
	objectVersion = 55;
	objects = {

/* Begin PBXBuildFile section */
		E41B2EAD28BD5672008AC7FD /* HomeCellView.swift in Sources */ = {isa = PBXBuildFile; fileRef = E41B2EAC28BD5672008AC7FD /* HomeCellView.swift */; };
		E41B2EB228BD7F0A008AC7FD /* CustomTabBarView.swift in Sources */ = {isa = PBXBuildFile; fileRef = E41B2EAF28BD7F0A008AC7FD /* CustomTabBarView.swift */; };
		E41B2EB328BD7F0A008AC7FD /* TabBarPreferenceKey.swift in Sources */ = {isa = PBXBuildFile; fileRef = E41B2EB028BD7F0A008AC7FD /* TabBarPreferenceKey.swift */; };
		E41B2EB428BD7F0A008AC7FD /* TabBarContainerView.swift in Sources */ = {isa = PBXBuildFile; fileRef = E41B2EB128BD7F0A008AC7FD /* TabBarContainerView.swift */; };
		E41FE1A028BD3D460097B1D7 /* LinkedInSideBar.swift in Sources */ = {isa = PBXBuildFile; fileRef = E41FE19F28BD3D460097B1D7 /* LinkedInSideBar.swift */; };
		E41FE1A328BD45900097B1D7 /* LinkedInHomePage.swift in Sources */ = {isa = PBXBuildFile; fileRef = E41FE1A228BD45900097B1D7 /* LinkedInHomePage.swift */; };
		E44E7C0328BE8A90000B72BB /* NetworkPage.swift in Sources */ = {isa = PBXBuildFile; fileRef = E44E7C0228BE8A90000B72BB /* NetworkPage.swift */; };
		E4A2F4C528BE086C0065CA5A /* MessageViewPage.swift in Sources */ = {isa = PBXBuildFile; fileRef = E4A2F4C428BE086C0065CA5A /* MessageViewPage.swift */; };
		E4A9CF8928B8AD0F0049FE9F /* GeometryPagingApp.swift in Sources */ = {isa = PBXBuildFile; fileRef = E4A9CF8828B8AD0F0049FE9F /* GeometryPagingApp.swift */; };
		E4A9CF8B28B8AD0F0049FE9F /* ContentView.swift in Sources */ = {isa = PBXBuildFile; fileRef = E4A9CF8A28B8AD0F0049FE9F /* ContentView.swift */; };
		E4A9CF8D28B8AD110049FE9F /* Assets.xcassets in Resources */ = {isa = PBXBuildFile; fileRef = E4A9CF8C28B8AD110049FE9F /* Assets.xcassets */; };
		E4A9CF9028B8AD110049FE9F /* Preview Assets.xcassets in Resources */ = {isa = PBXBuildFile; fileRef = E4A9CF8F28B8AD110049FE9F /* Preview Assets.xcassets */; };
/* End PBXBuildFile section */

/* Begin PBXFileReference section */
		E41B2EAC28BD5672008AC7FD /* HomeCellView.swift */ = {isa = PBXFileReference; lastKnownFileType = sourcecode.swift; path = HomeCellView.swift; sourceTree = "<group>"; };
		E41B2EAF28BD7F0A008AC7FD /* CustomTabBarView.swift */ = {isa = PBXFileReference; fileEncoding = 4; lastKnownFileType = sourcecode.swift; path = CustomTabBarView.swift; sourceTree = "<group>"; };
		E41B2EB028BD7F0A008AC7FD /* TabBarPreferenceKey.swift */ = {isa = PBXFileReference; fileEncoding = 4; lastKnownFileType = sourcecode.swift; path = TabBarPreferenceKey.swift; sourceTree = "<group>"; };
		E41B2EB128BD7F0A008AC7FD /* TabBarContainerView.swift */ = {isa = PBXFileReference; fileEncoding = 4; lastKnownFileType = sourcecode.swift; path = TabBarContainerView.swift; sourceTree = "<group>"; };
		E41FE19F28BD3D460097B1D7 /* LinkedInSideBar.swift */ = {isa = PBXFileReference; lastKnownFileType = sourcecode.swift; path = LinkedInSideBar.swift; sourceTree = "<group>"; };
		E41FE1A228BD45900097B1D7 /* LinkedInHomePage.swift */ = {isa = PBXFileReference; lastKnownFileType = sourcecode.swift; path = LinkedInHomePage.swift; sourceTree = "<group>"; };
		E44E7C0228BE8A90000B72BB /* NetworkPage.swift */ = {isa = PBXFileReference; lastKnownFileType = sourcecode.swift; path = NetworkPage.swift; sourceTree = "<group>"; };
		E4A2F4C428BE086C0065CA5A /* MessageViewPage.swift */ = {isa = PBXFileReference; lastKnownFileType = sourcecode.swift; path = MessageViewPage.swift; sourceTree = "<group>"; };
		E4A9CF8528B8AD0F0049FE9F /* GeometryPaging.app */ = {isa = PBXFileReference; explicitFileType = wrapper.application; includeInIndex = 0; path = GeometryPaging.app; sourceTree = BUILT_PRODUCTS_DIR; };
		E4A9CF8828B8AD0F0049FE9F /* GeometryPagingApp.swift */ = {isa = PBXFileReference; lastKnownFileType = sourcecode.swift; path = GeometryPagingApp.swift; sourceTree = "<group>"; };
		E4A9CF8A28B8AD0F0049FE9F /* ContentView.swift */ = {isa = PBXFileReference; lastKnownFileType = sourcecode.swift; path = ContentView.swift; sourceTree = "<group>"; };
		E4A9CF8C28B8AD110049FE9F /* Assets.xcassets */ = {isa = PBXFileReference; lastKnownFileType = folder.assetcatalog; path = Assets.xcassets; sourceTree = "<group>"; };
		E4A9CF8F28B8AD110049FE9F /* Preview Assets.xcassets */ = {isa = PBXFileReference; lastKnownFileType = folder.assetcatalog; path = "Preview Assets.xcassets"; sourceTree = "<group>"; };
/* End PBXFileReference section */

/* Begin PBXFrameworksBuildPhase section */
		E4A9CF8228B8AD0F0049FE9F /* Frameworks */ = {
			isa = PBXFrameworksBuildPhase;
			buildActionMask = 2147483647;
			files = (
			);
			runOnlyForDeploymentPostprocessing = 0;
		};
/* End PBXFrameworksBuildPhase section */

/* Begin PBXGroup section */
		E41B2EAE28BD7F0A008AC7FD /* TabBar */ = {
			isa = PBXGroup;
			children = (
				E41B2EAF28BD7F0A008AC7FD /* CustomTabBarView.swift */,
				E41B2EB028BD7F0A008AC7FD /* TabBarPreferenceKey.swift */,
				E41B2EB128BD7F0A008AC7FD /* TabBarContainerView.swift */,
			);
			path = TabBar;
			sourceTree = "<group>";
		};
		E41FE19E28BD3D210097B1D7 /* LinkedInSideBar */ = {
			isa = PBXGroup;
			children = (
				E41FE19F28BD3D460097B1D7 /* LinkedInSideBar.swift */,
			);
			path = LinkedInSideBar;
			sourceTree = "<group>";
		};
		E41FE1A128BD45650097B1D7 /* LinkedInHomePage */ = {
			isa = PBXGroup;
			children = (
				E41FE1A228BD45900097B1D7 /* LinkedInHomePage.swift */,
				E41B2EAC28BD5672008AC7FD /* HomeCellView.swift */,
				E4A2F4C428BE086C0065CA5A /* MessageViewPage.swift */,
				E44E7C0228BE8A90000B72BB /* NetworkPage.swift */,
			);
			path = LinkedInHomePage;
			sourceTree = "<group>";
		};
		E4A9CF7C28B8AD0F0049FE9F = {
			isa = PBXGroup;
			children = (
				E4A9CF8728B8AD0F0049FE9F /* GeometryPaging */,
				E4A9CF8628B8AD0F0049FE9F /* Products */,
			);
			sourceTree = "<group>";
		};
		E4A9CF8628B8AD0F0049FE9F /* Products */ = {
			isa = PBXGroup;
			children = (
				E4A9CF8528B8AD0F0049FE9F /* GeometryPaging.app */,
			);
			name = Products;
			sourceTree = "<group>";
		};
		E4A9CF8728B8AD0F0049FE9F /* GeometryPaging */ = {
			isa = PBXGroup;
			children = (
				E41FE1A128BD45650097B1D7 /* LinkedInHomePage */,
				E41FE19E28BD3D210097B1D7 /* LinkedInSideBar */,
				E4A9CF8828B8AD0F0049FE9F /* GeometryPagingApp.swift */,
				E4A9CF8A28B8AD0F0049FE9F /* ContentView.swift */,
				E4A9CF8C28B8AD110049FE9F /* Assets.xcassets */,
				E41B2EAE28BD7F0A008AC7FD /* TabBar */,
				E4A9CF8E28B8AD110049FE9F /* Preview Content */,
			);
			path = GeometryPaging;
			sourceTree = "<group>";
		};
		E4A9CF8E28B8AD110049FE9F /* Preview Content */ = {
			isa = PBXGroup;
			children = (
				E4A9CF8F28B8AD110049FE9F /* Preview Assets.xcassets */,
			);
			path = "Preview Content";
			sourceTree = "<group>";
		};
/* End PBXGroup section */

/* Begin PBXNativeTarget section */
		E4A9CF8428B8AD0F0049FE9F /* GeometryPaging */ = {
			isa = PBXNativeTarget;
			buildConfigurationList = E4A9CF9328B8AD110049FE9F /* Build configuration list for PBXNativeTarget "GeometryPaging" */;
			buildPhases = (
				E4A9CF8128B8AD0F0049FE9F /* Sources */,
				E4A9CF8228B8AD0F0049FE9F /* Frameworks */,
				E4A9CF8328B8AD0F0049FE9F /* Resources */,
			);
			buildRules = (
			);
			dependencies = (
			);
			name = GeometryPaging;
			productName = GeometryPaging;
			productReference = E4A9CF8528B8AD0F0049FE9F /* GeometryPaging.app */;
			productType = "com.apple.product-type.application";
		};
/* End PBXNativeTarget section */

/* Begin PBXProject section */
		E4A9CF7D28B8AD0F0049FE9F /* Project object */ = {
			isa = PBXProject;
			attributes = {
				BuildIndependentTargetsInParallel = 1;
				LastSwiftUpdateCheck = 1340;
				LastUpgradeCheck = 1340;
				TargetAttributes = {
					E4A9CF8428B8AD0F0049FE9F = {
						CreatedOnToolsVersion = 13.4.1;
					};
				};
			};
			buildConfigurationList = E4A9CF8028B8AD0F0049FE9F /* Build configuration list for PBXProject "GeometryPaging" */;
			compatibilityVersion = "Xcode 13.0";
			developmentRegion = en;
			hasScannedForEncodings = 0;
			knownRegions = (
				en,
				Base,
			);
			mainGroup = E4A9CF7C28B8AD0F0049FE9F;
			productRefGroup = E4A9CF8628B8AD0F0049FE9F /* Products */;
			projectDirPath = "";
			projectRoot = "";
			targets = (
				E4A9CF8428B8AD0F0049FE9F /* GeometryPaging */,
			);
		};
/* End PBXProject section */

/* Begin PBXResourcesBuildPhase section */
		E4A9CF8328B8AD0F0049FE9F /* Resources */ = {
			isa = PBXResourcesBuildPhase;
			buildActionMask = 2147483647;
			files = (
				E4A9CF9028B8AD110049FE9F /* Preview Assets.xcassets in Resources */,
				E4A9CF8D28B8AD110049FE9F /* Assets.xcassets in Resources */,
			);
			runOnlyForDeploymentPostprocessing = 0;
		};
/* End PBXResourcesBuildPhase section */

/* Begin PBXSourcesBuildPhase section */
		E4A9CF8128B8AD0F0049FE9F /* Sources */ = {
			isa = PBXSourcesBuildPhase;
			buildActionMask = 2147483647;
			files = (
				E4A9CF8B28B8AD0F0049FE9F /* ContentView.swift in Sources */,
				E41FE1A328BD45900097B1D7 /* LinkedInHomePage.swift in Sources */,
				E4A9CF8928B8AD0F0049FE9F /* GeometryPagingApp.swift in Sources */,
				E41B2EB328BD7F0A008AC7FD /* TabBarPreferenceKey.swift in Sources */,
				E41B2EB228BD7F0A008AC7FD /* CustomTabBarView.swift in Sources */,
				E41FE1A028BD3D460097B1D7 /* LinkedInSideBar.swift in Sources */,
				E41B2EB428BD7F0A008AC7FD /* TabBarContainerView.swift in Sources */,
				E44E7C0328BE8A90000B72BB /* NetworkPage.swift in Sources */,
				E41B2EAD28BD5672008AC7FD /* HomeCellView.swift in Sources */,
				E4A2F4C528BE086C0065CA5A /* MessageViewPage.swift in Sources */,
			);
			runOnlyForDeploymentPostprocessing = 0;
		};
/* End PBXSourcesBuildPhase section */

/* Begin XCBuildConfiguration section */
		E4A9CF9128B8AD110049FE9F /* Debug */ = {
			isa = XCBuildConfiguration;
			buildSettings = {
				ALWAYS_SEARCH_USER_PATHS = NO;
				CLANG_ANALYZER_NONNULL = YES;
				CLANG_ANALYZER_NUMBER_OBJECT_CONVERSION = YES_AGGRESSIVE;
				CLANG_CXX_LANGUAGE_STANDARD = "gnu++17";
				CLANG_ENABLE_MODULES = YES;
				CLANG_ENABLE_OBJC_ARC = YES;
				CLANG_ENABLE_OBJC_WEAK = YES;
				CLANG_WARN_BLOCK_CAPTURE_AUTORELEASING = YES;
				CLANG_WARN_BOOL_CONVERSION = YES;
				CLANG_WARN_COMMA = YES;
				CLANG_WARN_CONSTANT_CONVERSION = YES;
				CLANG_WARN_DEPRECATED_OBJC_IMPLEMENTATIONS = YES;
				CLANG_WARN_DIRECT_OBJC_ISA_USAGE = YES_ERROR;
				CLANG_WARN_DOCUMENTATION_COMMENTS = YES;
				CLANG_WARN_EMPTY_BODY = YES;
				CLANG_WARN_ENUM_CONVERSION = YES;
				CLANG_WARN_INFINITE_RECURSION = YES;
				CLANG_WARN_INT_CONVERSION = YES;
				CLANG_WARN_NON_LITERAL_NULL_CONVERSION = YES;
				CLANG_WARN_OBJC_IMPLICIT_RETAIN_SELF = YES;
				CLANG_WARN_OBJC_LITERAL_CONVERSION = YES;
				CLANG_WARN_OBJC_ROOT_CLASS = YES_ERROR;
				CLANG_WARN_QUOTED_INCLUDE_IN_FRAMEWORK_HEADER = YES;
				CLANG_WARN_RANGE_LOOP_ANALYSIS = YES;
				CLANG_WARN_STRICT_PROTOTYPES = YES;
				CLANG_WARN_SUSPICIOUS_MOVE = YES;
				CLANG_WARN_UNGUARDED_AVAILABILITY = YES_AGGRESSIVE;
				CLANG_WARN_UNREACHABLE_CODE = YES;
				CLANG_WARN__DUPLICATE_METHOD_MATCH = YES;
				COPY_PHASE_STRIP = NO;
				DEBUG_INFORMATION_FORMAT = dwarf;
				ENABLE_STRICT_OBJC_MSGSEND = YES;
				ENABLE_TESTABILITY = YES;
				GCC_C_LANGUAGE_STANDARD = gnu11;
				GCC_DYNAMIC_NO_PIC = NO;
				GCC_NO_COMMON_BLOCKS = YES;
				GCC_OPTIMIZATION_LEVEL = 0;
				GCC_PREPROCESSOR_DEFINITIONS = (
					"DEBUG=1",
					"$(inherited)",
				);
				GCC_WARN_64_TO_32_BIT_CONVERSION = YES;
				GCC_WARN_ABOUT_RETURN_TYPE = YES_ERROR;
				GCC_WARN_UNDECLARED_SELECTOR = YES;
				GCC_WARN_UNINITIALIZED_AUTOS = YES_AGGRESSIVE;
				GCC_WARN_UNUSED_FUNCTION = YES;
				GCC_WARN_UNUSED_VARIABLE = YES;
				IPHONEOS_DEPLOYMENT_TARGET = 15.5;
				MTL_ENABLE_DEBUG_INFO = INCLUDE_SOURCE;
				MTL_FAST_MATH = YES;
				ONLY_ACTIVE_ARCH = YES;
				SDKROOT = iphoneos;
				SWIFT_ACTIVE_COMPILATION_CONDITIONS = DEBUG;
				SWIFT_OPTIMIZATION_LEVEL = "-Onone";
			};
			name = Debug;
		};
		E4A9CF9228B8AD110049FE9F /* Release */ = {
			isa = XCBuildConfiguration;
			buildSettings = {
				ALWAYS_SEARCH_USER_PATHS = NO;
				CLANG_ANALYZER_NONNULL = YES;
				CLANG_ANALYZER_NUMBER_OBJECT_CONVERSION = YES_AGGRESSIVE;
				CLANG_CXX_LANGUAGE_STANDARD = "gnu++17";
				CLANG_ENABLE_MODULES = YES;
				CLANG_ENABLE_OBJC_ARC = YES;
				CLANG_ENABLE_OBJC_WEAK = YES;
				CLANG_WARN_BLOCK_CAPTURE_AUTORELEASING = YES;
				CLANG_WARN_BOOL_CONVERSION = YES;
				CLANG_WARN_COMMA = YES;
				CLANG_WARN_CONSTANT_CONVERSION = YES;
				CLANG_WARN_DEPRECATED_OBJC_IMPLEMENTATIONS = YES;
				CLANG_WARN_DIRECT_OBJC_ISA_USAGE = YES_ERROR;
				CLANG_WARN_DOCUMENTATION_COMMENTS = YES;
				CLANG_WARN_EMPTY_BODY = YES;
				CLANG_WARN_ENUM_CONVERSION = YES;
				CLANG_WARN_INFINITE_RECURSION = YES;
				CLANG_WARN_INT_CONVERSION = YES;
				CLANG_WARN_NON_LITERAL_NULL_CONVERSION = YES;
				CLANG_WARN_OBJC_IMPLICIT_RETAIN_SELF = YES;
				CLANG_WARN_OBJC_LITERAL_CONVERSION = YES;
				CLANG_WARN_OBJC_ROOT_CLASS = YES_ERROR;
				CLANG_WARN_QUOTED_INCLUDE_IN_FRAMEWORK_HEADER = YES;
				CLANG_WARN_RANGE_LOOP_ANALYSIS = YES;
				CLANG_WARN_STRICT_PROTOTYPES = YES;
				CLANG_WARN_SUSPICIOUS_MOVE = YES;
				CLANG_WARN_UNGUARDED_AVAILABILITY = YES_AGGRESSIVE;
				CLANG_WARN_UNREACHABLE_CODE = YES;
				CLANG_WARN__DUPLICATE_METHOD_MATCH = YES;
				COPY_PHASE_STRIP = NO;
				DEBUG_INFORMATION_FORMAT = "dwarf-with-dsym";
				ENABLE_NS_ASSERTIONS = NO;
				ENABLE_STRICT_OBJC_MSGSEND = YES;
				GCC_C_LANGUAGE_STANDARD = gnu11;
				GCC_NO_COMMON_BLOCKS = YES;
				GCC_WARN_64_TO_32_BIT_CONVERSION = YES;
				GCC_WARN_ABOUT_RETURN_TYPE = YES_ERROR;
				GCC_WARN_UNDECLARED_SELECTOR = YES;
				GCC_WARN_UNINITIALIZED_AUTOS = YES_AGGRESSIVE;
				GCC_WARN_UNUSED_FUNCTION = YES;
				GCC_WARN_UNUSED_VARIABLE = YES;
				IPHONEOS_DEPLOYMENT_TARGET = 15.5;
				MTL_ENABLE_DEBUG_INFO = NO;
				MTL_FAST_MATH = YES;
				SDKROOT = iphoneos;
				SWIFT_COMPILATION_MODE = wholemodule;
				SWIFT_OPTIMIZATION_LEVEL = "-O";
				VALIDATE_PRODUCT = YES;
			};
			name = Release;
		};
		E4A9CF9428B8AD110049FE9F /* Debug */ = {
			isa = XCBuildConfiguration;
			buildSettings = {
				ASSETCATALOG_COMPILER_APPICON_NAME = AppIcon;
				ASSETCATALOG_COMPILER_GLOBAL_ACCENT_COLOR_NAME = AccentColor;
				CODE_SIGN_STYLE = Automatic;
				CURRENT_PROJECT_VERSION = 1;
				DEVELOPMENT_ASSET_PATHS = "\"GeometryPaging/Preview Content\"";
				DEVELOPMENT_TEAM = 33MJ2M7WGX;
				ENABLE_PREVIEWS = YES;
				GENERATE_INFOPLIST_FILE = YES;
				INFOPLIST_KEY_UIApplicationSceneManifest_Generation = YES;
				INFOPLIST_KEY_UIApplicationSupportsIndirectInputEvents = YES;
				INFOPLIST_KEY_UILaunchScreen_Generation = YES;
				INFOPLIST_KEY_UISupportedInterfaceOrientations_iPad = "UIInterfaceOrientationPortrait UIInterfaceOrientationPortraitUpsideDown UIInterfaceOrientationLandscapeLeft UIInterfaceOrientationLandscapeRight";
				INFOPLIST_KEY_UISupportedInterfaceOrientations_iPhone = "UIInterfaceOrientationPortrait UIInterfaceOrientationLandscapeLeft UIInterfaceOrientationLandscapeRight";
				LD_RUNPATH_SEARCH_PATHS = (
					"$(inherited)",
					"@executable_path/Frameworks",
				);
				MARKETING_VERSION = 1.0;
				PRODUCT_BUNDLE_IDENTIFIER = TugrulCanMercan.GeometryPaging;
				PRODUCT_NAME = "$(TARGET_NAME)";
				SWIFT_EMIT_LOC_STRINGS = YES;
				SWIFT_VERSION = 5.0;
				TARGETED_DEVICE_FAMILY = "1,2";
			};
			name = Debug;
		};
		E4A9CF9528B8AD110049FE9F /* Release */ = {
			isa = XCBuildConfiguration;
			buildSettings = {
				ASSETCATALOG_COMPILER_APPICON_NAME = AppIcon;
				ASSETCATALOG_COMPILER_GLOBAL_ACCENT_COLOR_NAME = AccentColor;
				CODE_SIGN_STYLE = Automatic;
				CURRENT_PROJECT_VERSION = 1;
				DEVELOPMENT_ASSET_PATHS = "\"GeometryPaging/Preview Content\"";
				DEVELOPMENT_TEAM = 33MJ2M7WGX;
				ENABLE_PREVIEWS = YES;
				GENERATE_INFOPLIST_FILE = YES;
				INFOPLIST_KEY_UIApplicationSceneManifest_Generation = YES;
				INFOPLIST_KEY_UIApplicationSupportsIndirectInputEvents = YES;
				INFOPLIST_KEY_UILaunchScreen_Generation = YES;
				INFOPLIST_KEY_UISupportedInterfaceOrientations_iPad = "UIInterfaceOrientationPortrait UIInterfaceOrientationPortraitUpsideDown UIInterfaceOrientationLandscapeLeft UIInterfaceOrientationLandscapeRight";
				INFOPLIST_KEY_UISupportedInterfaceOrientations_iPhone = "UIInterfaceOrientationPortrait UIInterfaceOrientationLandscapeLeft UIInterfaceOrientationLandscapeRight";
				LD_RUNPATH_SEARCH_PATHS = (
					"$(inherited)",
					"@executable_path/Frameworks",
				);
				MARKETING_VERSION = 1.0;
				PRODUCT_BUNDLE_IDENTIFIER = TugrulCanMercan.GeometryPaging;
				PRODUCT_NAME = "$(TARGET_NAME)";
				SWIFT_EMIT_LOC_STRINGS = YES;
				SWIFT_VERSION = 5.0;
				TARGETED_DEVICE_FAMILY = "1,2";
			};
			name = Release;
		};
/* End XCBuildConfiguration section */

/* Begin XCConfigurationList section */
		E4A9CF8028B8AD0F0049FE9F /* Build configuration list for PBXProject "GeometryPaging" */ = {
			isa = XCConfigurationList;
			buildConfigurations = (
				E4A9CF9128B8AD110049FE9F /* Debug */,
				E4A9CF9228B8AD110049FE9F /* Release */,
			);
			defaultConfigurationIsVisible = 0;
			defaultConfigurationName = Release;
		};
		E4A9CF9328B8AD110049FE9F /* Build configuration list for PBXNativeTarget "GeometryPaging" */ = {
			isa = XCConfigurationList;
			buildConfigurations = (
				E4A9CF9428B8AD110049FE9F /* Debug */,
				E4A9CF9528B8AD110049FE9F /* Release */,
			);
			defaultConfigurationIsVisible = 0;
			defaultConfigurationName = Release;
		};
/* End XCConfigurationList section */
	};
	rootObject = E4A9CF7D28B8AD0F0049FE9F /* Project object */;
}
